
Microsoft Visual Studio Solution File, Format Version 12.00
# Visual Studio 15
VisualStudioVersion = 15.0.26124.0
MinimumVisualStudioVersion = 15.0.26124.0
Project("{FAE04EC0-301F-11D3-BF4B-00C04F79EFBC}") = "tcs-service", "tcs-service\tcs-service.csproj", "{FE6585D9-46A3-4683-B31F-899545B2A9F1}"
EndProject
Project("{FAE04EC0-301F-11D3-BF4B-00C04F79EFBC}") = "tcs-service-test", "tcs-service-test\tcs-service-test.csproj", "{4996084C-D4AA-4F9C-AEC9-9B5671C602C4}"
EndProject
Project("{FAE04EC0-301F-11D3-BF4B-00C04F79EFBC}") = "tcs-integration", "tcs-integration\tcs-integration.csproj", "{483A8008-639B-4C25-A6E2-E9F8921FDBFA}"
EndProject
Global
	GlobalSection(SolutionConfigurationPlatforms) = preSolution
		Debug|Any CPU = Debug|Any CPU
		Debug|x64 = Debug|x64
		Debug|x86 = Debug|x86
		Release|Any CPU = Release|Any CPU
		Release|x64 = Release|x64
		Release|x86 = Release|x86
	EndGlobalSection
	GlobalSection(SolutionProperties) = preSolution
		HideSolutionNode = FALSE
	EndGlobalSection
	GlobalSection(ProjectConfigurationPlatforms) = postSolution
		{FE6585D9-46A3-4683-B31F-899545B2A9F1}.Debug|Any CPU.ActiveCfg = Debug|Any CPU
		{FE6585D9-46A3-4683-B31F-899545B2A9F1}.Debug|Any CPU.Build.0 = Debug|Any CPU
		{FE6585D9-46A3-4683-B31F-899545B2A9F1}.Debug|x64.ActiveCfg = Debug|Any CPU
		{FE6585D9-46A3-4683-B31F-899545B2A9F1}.Debug|x64.Build.0 = Debug|Any CPU
		{FE6585D9-46A3-4683-B31F-899545B2A9F1}.Debug|x86.ActiveCfg = Debug|Any CPU
		{FE6585D9-46A3-4683-B31F-899545B2A9F1}.Debug|x86.Build.0 = Debug|Any CPU
		{FE6585D9-46A3-4683-B31F-899545B2A9F1}.Release|Any CPU.ActiveCfg = Release|Any CPU
		{FE6585D9-46A3-4683-B31F-899545B2A9F1}.Release|Any CPU.Build.0 = Release|Any CPU
		{FE6585D9-46A3-4683-B31F-899545B2A9F1}.Release|x64.ActiveCfg = Release|Any CPU
		{FE6585D9-46A3-4683-B31F-899545B2A9F1}.Release|x64.Build.0 = Release|Any CPU
		{FE6585D9-46A3-4683-B31F-899545B2A9F1}.Release|x86.ActiveCfg = Release|Any CPU
		{FE6585D9-46A3-4683-B31F-899545B2A9F1}.Release|x86.Build.0 = Release|Any CPU
		{4996084C-D4AA-4F9C-AEC9-9B5671C602C4}.Debug|Any CPU.ActiveCfg = Debug|Any CPU
		{4996084C-D4AA-4F9C-AEC9-9B5671C602C4}.Debug|Any CPU.Build.0 = Debug|Any CPU
		{4996084C-D4AA-4F9C-AEC9-9B5671C602C4}.Debug|x64.ActiveCfg = Debug|Any CPU
		{4996084C-D4AA-4F9C-AEC9-9B5671C602C4}.Debug|x64.Build.0 = Debug|Any CPU
		{4996084C-D4AA-4F9C-AEC9-9B5671C602C4}.Debug|x86.ActiveCfg = Debug|Any CPU
		{4996084C-D4AA-4F9C-AEC9-9B5671C602C4}.Debug|x86.Build.0 = Debug|Any CPU
		{4996084C-D4AA-4F9C-AEC9-9B5671C602C4}.Release|Any CPU.ActiveCfg = Release|Any CPU
		{4996084C-D4AA-4F9C-AEC9-9B5671C602C4}.Release|Any CPU.Build.0 = Release|Any CPU
		{4996084C-D4AA-4F9C-AEC9-9B5671C602C4}.Release|x64.ActiveCfg = Release|Any CPU
		{4996084C-D4AA-4F9C-AEC9-9B5671C602C4}.Release|x64.Build.0 = Release|Any CPU
		{4996084C-D4AA-4F9C-AEC9-9B5671C602C4}.Release|x86.ActiveCfg = Release|Any CPU
		{4996084C-D4AA-4F9C-AEC9-9B5671C602C4}.Release|x86.Build.0 = Release|Any CPU
		{483A8008-639B-4C25-A6E2-E9F8921FDBFA}.Debug|Any CPU.ActiveCfg = Debug|Any CPU
		{483A8008-639B-4C25-A6E2-E9F8921FDBFA}.Debug|Any CPU.Build.0 = Debug|Any CPU
		{483A8008-639B-4C25-A6E2-E9F8921FDBFA}.Debug|x64.ActiveCfg = Debug|Any CPU
		{483A8008-639B-4C25-A6E2-E9F8921FDBFA}.Debug|x64.Build.0 = Debug|Any CPU
		{483A8008-639B-4C25-A6E2-E9F8921FDBFA}.Debug|x86.ActiveCfg = Debug|Any CPU
		{483A8008-639B-4C25-A6E2-E9F8921FDBFA}.Debug|x86.Build.0 = Debug|Any CPU
		{483A8008-639B-4C25-A6E2-E9F8921FDBFA}.Release|Any CPU.ActiveCfg = Release|Any CPU
		{483A8008-639B-4C25-A6E2-E9F8921FDBFA}.Release|Any CPU.Build.0 = Release|Any CPU
		{483A8008-639B-4C25-A6E2-E9F8921FDBFA}.Release|x64.ActiveCfg = Release|Any CPU
		{483A8008-639B-4C25-A6E2-E9F8921FDBFA}.Release|x64.Build.0 = Release|Any CPU
		{483A8008-639B-4C25-A6E2-E9F8921FDBFA}.Release|x86.ActiveCfg = Release|Any CPU
		{483A8008-639B-4C25-A6E2-E9F8921FDBFA}.Release|x86.Build.0 = Release|Any CPU
	EndGlobalSection
EndGlobal
